
Microsoft Visual Studio Solution File, Format Version 11.00
# Visual Studio 2010
Project("{FAE04EC0-301F-11D3-BF4B-00C04F79EFBC}") = "Assembly-CSharp", "Assembly-CSharp.csproj", "{4B6C8ADF-72B9-D1F0-0D20-5CA14A0EEE05}"
EndProject
Project("{FAE04EC0-301F-11D3-BF4B-00C04F79EFBC}") = "Assembly-CSharp-Editor", "Assembly-CSharp-Editor.csproj", "{703B48DA-48D4-7335-3000-49FBFA718A0F}"
EndProject
Global
	GlobalSection(SolutionConfigurationPlatforms) = preSolution
		Debug|Any CPU = Debug|Any CPU
		Release|Any CPU = Release|Any CPU
	EndGlobalSection
	GlobalSection(ProjectConfigurationPlatforms) = postSolution
		{4B6C8ADF-72B9-D1F0-0D20-5CA14A0EEE05}.Debug|Any CPU.ActiveCfg = Debug|Any CPU
		{4B6C8ADF-72B9-D1F0-0D20-5CA14A0EEE05}.Debug|Any CPU.Build.0 = Debug|Any CPU
		{4B6C8ADF-72B9-D1F0-0D20-5CA14A0EEE05}.Release|Any CPU.ActiveCfg = Release|Any CPU
		{4B6C8ADF-72B9-D1F0-0D20-5CA14A0EEE05}.Release|Any CPU.Build.0 = Release|Any CPU
		{703B48DA-48D4-7335-3000-49FBFA718A0F}.Debug|Any CPU.ActiveCfg = Debug|Any CPU
		{703B48DA-48D4-7335-3000-49FBFA718A0F}.Debug|Any CPU.Build.0 = Debug|Any CPU
		{703B48DA-48D4-7335-3000-49FBFA718A0F}.Release|Any CPU.ActiveCfg = Release|Any CPU
		{703B48DA-48D4-7335-3000-49FBFA718A0F}.Release|Any CPU.Build.0 = Release|Any CPU
	EndGlobalSection
	GlobalSection(SolutionProperties) = preSolution
		HideSolutionNode = FALSE
	EndGlobalSection
	GlobalSection(MonoDevelopProperties) = preSolution
		StartupItem = Assembly-CSharp.csproj
	EndGlobalSection
EndGlobal
